
Microsoft Visual Studio Solution File, Format Version 12.00
# Visual Studio 15
VisualStudioVersion = 15.0.28307.572
MinimumVisualStudioVersion = 10.0.40219.1
Project("{159641D6-6404-4A2A-AE62-294DE0FE8301}") = "DW", "AI\DW.dtproj", "{D98932B3-5462-4BC6-ABCF-63727808EF3B}"
EndProject
Global
	GlobalSection(SolutionConfigurationPlatforms) = preSolution
		Development|Default = Development|Default
	EndGlobalSection
	GlobalSection(ProjectConfigurationPlatforms) = postSolution
		{D98932B3-5462-4BC6-ABCF-63727808EF3B}.Development|Default.ActiveCfg = Development
		{D98932B3-5462-4BC6-ABCF-63727808EF3B}.Development|Default.Build.0 = Development
	EndGlobalSection
	GlobalSection(SolutionProperties) = preSolution
		HideSolutionNode = FALSE
	EndGlobalSection
	GlobalSection(ExtensibilityGlobals) = postSolution
		SolutionGuid = {3F5D34AF-867C-41CB-AA23-0191954C55BB}
	EndGlobalSection
EndGlobal
